# This file is generated by running "yarn install" inside your project.
# Manual changes might be lost - proceed with caution!

__metadata:
  version: 8
  cacheKey: 10c0

"@fixture/dep-1@workspace:.":
  version: 0.0.0-use.local
  resolution: "@fixture/dep-1@workspace:."
  dependencies:
    "@yarnpkg/libzip": "npm:^3.1.0"
  languageName: unknown
  linkType: soft

"@types/emscripten@npm:^1.39.6":
  version: 1.39.13
  resolution: "@types/emscripten@npm:1.39.13"
  checksum: 10c0/99c314418b6fbe113c4c81dc89501bdf723020d1de262a36a4e45236b268dcec3deab104e3a7d3569e6d7c5c942de30c9c6d77b93170c1bcaa85620c7ee4c2ba
  languageName: node
  linkType: hard

"@yarnpkg/fslib@npm:^3.1.0":
  version: 3.1.0
  resolution: "@yarnpkg/fslib@npm:3.1.0"
  dependencies:
    tslib: "npm:^2.4.0"
  checksum: 10c0/e327aaf73fe2fff442a71f045fe006f13931a09021b5b868a993a644d4950cd3c5589f1d58ee9e38390bca83705a30b649db7ae462fe704fdb6cdeb12ed2232a
  languageName: node
  linkType: hard

"@yarnpkg/libzip@npm:^3.1.0":
  version: 3.1.0
  resolution: "@yarnpkg/libzip@npm:3.1.0"
  dependencies:
    "@types/emscripten": "npm:^1.39.6"
    "@yarnpkg/fslib": "npm:^3.1.0"
    tslib: "npm:^2.4.0"
  peerDependencies:
    "@yarnpkg/fslib": ^3.1.0
  checksum: 10c0/11e12724d916584e748dc3cb364840f3763799492108b39b008301b817e43689d34a68d7ecb1cab9610cc058aa5967e5088658774ae0fbe77a18b8cdb5ad382a
  languageName: node
  linkType: hard

"tslib@npm:^2.4.0":
  version: 2.6.3
  resolution: "tslib@npm:2.6.3"
  checksum: 10c0/2598aef53d9dbe711af75522464b2104724d6467b26a60f2bdac8297d2b5f1f6b86a71f61717384aa8fd897240467aaa7bcc36a0700a0faf751293d1331db39a
  languageName: node
  linkType: hard
