# This file is generated by running "yarn install" inside your project.
# Manual changes might be lost - proceed with caution!

__metadata:
  version: 8
  cacheKey: 10c0

"@fixture/patch-1@workspace:.":
  version: 0.0.0-use.local
  resolution: "@fixture/patch-1@workspace:."
  dependencies:
    js-yaml: "patch:js-yaml@npm%3A4.1.0#~/.yarn/patches/js-yaml-npm-4.1.0-3606f32312.patch"
  languageName: unknown
  linkType: soft

"argparse@npm:^2.0.1":
  version: 2.0.1
  resolution: "argparse@npm:2.0.1"
  checksum: 10c0/c5640c2d89045371c7cedd6a70212a04e360fd34d6edeae32f6952c63949e3525ea77dbec0289d8213a99bbaeab5abfa860b5c12cf88a2e6cf8106e90dd27a7e
  languageName: node
  linkType: hard

"js-yaml@npm:4.1.0":
  version: 4.1.0
  resolution: "js-yaml@npm:4.1.0"
  dependencies:
    argparse: "npm:^2.0.1"
  bin:
    js-yaml: bin/js-yaml.js
  checksum: 10c0/184a24b4eaacfce40ad9074c64fd42ac83cf74d8c8cd137718d456ced75051229e5061b8633c3366b8aada17945a7a356b337828c19da92b51ae62126575018f
  languageName: node
  linkType: hard

"js-yaml@patch:js-yaml@npm%3A4.1.0#~/.yarn/patches/js-yaml-npm-4.1.0-3606f32312.patch":
  version: 4.1.0
  resolution: "js-yaml@patch:js-yaml@npm%3A4.1.0#~/.yarn/patches/js-yaml-npm-4.1.0-3606f32312.patch::version=4.1.0&hash=e9404d"
  dependencies:
    argparse: "npm:^2.0.1"
  bin:
    js-yaml: bin/js-yaml.js
  checksum: 10c0/de95b173f33d730f88bb23901255332e7797141eef9caf09b18e10681765cfd6fdd0816cb98100bec0f3d0f5d8f40f976669e97a2159771a060d28f69b717d00
  languageName: node
  linkType: hard
